// !$*UTF8*$!
{
	archiveVersion = 1;
	classes = {
	};
	objectVersion = 56;
	objects = {

/* Begin PBXBuildFile section */
		941B22D92B83E26B006F114B /* Globals.swift in Sources */ = {isa = PBXBuildFile; fileRef = 941B22D82B83E26B006F114B /* Globals.swift */; };
		941B22DC2B83E69B006F114B /* MainMenu.swift in Sources */ = {isa = PBXBuildFile; fileRef = 941B22DA2B83E69B006F114B /* MainMenu.swift */; };
		941B22DD2B83E69B006F114B /* PianoConfigurationMenu.swift in Sources */ = {isa = PBXBuildFile; fileRef = 941B22DB2B83E69B006F114B /* PianoConfigurationMenu.swift */; };
		941B22E02B844506006F114B /* Extensions.swift in Sources */ = {isa = PBXBuildFile; fileRef = 941B22DF2B844506006F114B /* Extensions.swift */; };
		941CFC2E2B922BCF004414E1 /* MIKMIDI.framework in Frameworks */ = {isa = PBXBuildFile; fileRef = 941CFC272B922955004414E1 /* MIKMIDI.framework */; };
		941CFC2F2B922BCF004414E1 /* MIKMIDI.framework in Embed Frameworks */ = {isa = PBXBuildFile; fileRef = 941CFC272B922955004414E1 /* MIKMIDI.framework */; settings = {ATTRIBUTES = (CodeSignOnCopy, RemoveHeadersOnCopy, ); }; };
		942D57A12B8397CE007C7327 /* Module.swift in Sources */ = {isa = PBXBuildFile; fileRef = 942D57A02B8397CE007C7327 /* Module.swift */; };
		946350452B9E11A3006CFA88 /* BrowserView.swift in Sources */ = {isa = PBXBuildFile; fileRef = 946350442B9E11A3006CFA88 /* BrowserView.swift */; };
		946350492B9E18EA006CFA88 /* Song.swift in Sources */ = {isa = PBXBuildFile; fileRef = 946350482B9E18EA006CFA88 /* Song.swift */; };
		9463504B2B9E1A2F006CFA88 /* Course.swift in Sources */ = {isa = PBXBuildFile; fileRef = 9463504A2B9E1A2F006CFA88 /* Course.swift */; };
		9463504F2B9E1ACF006CFA88 /* Courses.json in Resources */ = {isa = PBXBuildFile; fileRef = 9463504E2B9E1ACF006CFA88 /* Courses.json */; };
		946350532B9E1D6D006CFA88 /* Collections.json in Resources */ = {isa = PBXBuildFile; fileRef = 946350522B9E1D6D006CFA88 /* Collections.json */; };
		9480B79C2B7EAA2F00DDB251 /* RealityKitContent in Frameworks */ = {isa = PBXBuildFile; productRef = 9480B79B2B7EAA2F00DDB251 /* RealityKitContent */; };
		9480B79E2B7EAA2F00DDB251 /* VirtuosoApp.swift in Sources */ = {isa = PBXBuildFile; fileRef = 9480B79D2B7EAA2F00DDB251 /* VirtuosoApp.swift */; };
		9480B7A42B7EAA3000DDB251 /* Assets.xcassets in Resources */ = {isa = PBXBuildFile; fileRef = 9480B7A32B7EAA3000DDB251 /* Assets.xcassets */; };
		9480B7A72B7EAA3000DDB251 /* Preview Assets.xcassets in Resources */ = {isa = PBXBuildFile; fileRef = 9480B7A62B7EAA3000DDB251 /* Preview Assets.xcassets */; };
		9480B7B22B7EAA3000DDB251 /* VirtuosoTests.swift in Sources */ = {isa = PBXBuildFile; fileRef = 9480B7B12B7EAA3000DDB251 /* VirtuosoTests.swift */; };
		9483F1DD2B88D63800B8E1BA /* PianoManager.swift in Sources */ = {isa = PBXBuildFile; fileRef = 9483F1DC2B88D63800B8E1BA /* PianoManager.swift */; };
		94CD99632B7EE3CC00BF09DE /* PianoRealityView.swift in Sources */ = {isa = PBXBuildFile; fileRef = 94CD99622B7EE3CC00BF09DE /* PianoRealityView.swift */; };
		94CD99682B7F151300BF09DE /* AppState.swift in Sources */ = {isa = PBXBuildFile; fileRef = 94CD99672B7F151300BF09DE /* AppState.swift */; };
		94D138CA2B8BCD45007CEF45 /* HandManager.swift in Sources */ = {isa = PBXBuildFile; fileRef = 94D138C92B8BCD45007CEF45 /* HandManager.swift */; };
		94D138CC2B8BF2F0007CEF45 /* PlaybackManager.swift in Sources */ = {isa = PBXBuildFile; fileRef = 94D138CB2B8BF2F0007CEF45 /* PlaybackManager.swift */; };
		94D138CE2B8BF322007CEF45 /* PlaybackWidget.swift in Sources */ = {isa = PBXBuildFile; fileRef = 94D138CD2B8BF322007CEF45 /* PlaybackWidget.swift */; };
		94E2E5F42B8CAE980096A41B /* peg.mid in Resources */ = {isa = PBXBuildFile; fileRef = 94E2E5F32B8CAE980096A41B /* peg.mid */; };
/* End PBXBuildFile section */

/* Begin PBXContainerItemProxy section */
		941CFC242B922955004414E1 /* PBXContainerItemProxy */ = {
			isa = PBXContainerItemProxy;
			containerPortal = 941CFC1D2B922955004414E1 /* MIKMIDI.xcodeproj */;
			proxyType = 2;
			remoteGlobalIDString = 9D74EEA517A7129300BEE89F;
			remoteInfo = MIKMIDI;
		};
		941CFC262B922955004414E1 /* PBXContainerItemProxy */ = {
			isa = PBXContainerItemProxy;
			containerPortal = 941CFC1D2B922955004414E1 /* MIKMIDI.xcodeproj */;
			proxyType = 2;
			remoteGlobalIDString = 9DAF8B061A7AFF1100F46528;
			remoteInfo = "MIKMIDI-iOS";
		};
		941CFC282B922955004414E1 /* PBXContainerItemProxy */ = {
			isa = PBXContainerItemProxy;
			containerPortal = 941CFC1D2B922955004414E1 /* MIKMIDI.xcodeproj */;
			proxyType = 2;
			remoteGlobalIDString = 9D4DF13A1AAB57430065F004;
			remoteInfo = "MIKMIDI Tests";
		};
		9480B7AE2B7EAA3000DDB251 /* PBXContainerItemProxy */ = {
			isa = PBXContainerItemProxy;
			containerPortal = 9480B78E2B7EAA2F00DDB251 /* Project object */;
			proxyType = 1;
			remoteGlobalIDString = 9480B7952B7EAA2F00DDB251;
			remoteInfo = Virtuoso;
		};
/* End PBXContainerItemProxy section */

/* Begin PBXCopyFilesBuildPhase section */
		941CFC302B922BCF004414E1 /* Embed Frameworks */ = {
			isa = PBXCopyFilesBuildPhase;
			buildActionMask = 2147483647;
			dstPath = "";
			dstSubfolderSpec = 10;
			files = (
				941CFC2F2B922BCF004414E1 /* MIKMIDI.framework in Embed Frameworks */,
			);
			name = "Embed Frameworks";
			runOnlyForDeploymentPostprocessing = 0;
		};
/* End PBXCopyFilesBuildPhase section */

/* Begin PBXFileReference section */
		941B22D82B83E26B006F114B /* Globals.swift */ = {isa = PBXFileReference; lastKnownFileType = sourcecode.swift; path = Globals.swift; sourceTree = "<group>"; };
		941B22DA2B83E69B006F114B /* MainMenu.swift */ = {isa = PBXFileReference; fileEncoding = 4; lastKnownFileType = sourcecode.swift; path = MainMenu.swift; sourceTree = "<group>"; };
		941B22DB2B83E69B006F114B /* PianoConfigurationMenu.swift */ = {isa = PBXFileReference; fileEncoding = 4; lastKnownFileType = sourcecode.swift; path = PianoConfigurationMenu.swift; sourceTree = "<group>"; };
		941B22DF2B844506006F114B /* Extensions.swift */ = {isa = PBXFileReference; lastKnownFileType = sourcecode.swift; path = Extensions.swift; sourceTree = "<group>"; };
		941CFC1D2B922955004414E1 /* MIKMIDI.xcodeproj */ = {isa = PBXFileReference; lastKnownFileType = "wrapper.pb-project"; name = MIKMIDI.xcodeproj; path = Frameworks/MIKMIDI/Framework/MIKMIDI.xcodeproj; sourceTree = "<group>"; };
		942D57A02B8397CE007C7327 /* Module.swift */ = {isa = PBXFileReference; lastKnownFileType = sourcecode.swift; path = Module.swift; sourceTree = "<group>"; };
		946350442B9E11A3006CFA88 /* BrowserView.swift */ = {isa = PBXFileReference; lastKnownFileType = sourcecode.swift; path = BrowserView.swift; sourceTree = "<group>"; };
		946350482B9E18EA006CFA88 /* Song.swift */ = {isa = PBXFileReference; lastKnownFileType = sourcecode.swift; path = Song.swift; sourceTree = "<group>"; };
		9463504A2B9E1A2F006CFA88 /* Course.swift */ = {isa = PBXFileReference; lastKnownFileType = sourcecode.swift; path = Course.swift; sourceTree = "<group>"; };
		9463504E2B9E1ACF006CFA88 /* Courses.json */ = {isa = PBXFileReference; lastKnownFileType = text.json; path = Courses.json; sourceTree = "<group>"; xcLanguageSpecificationIdentifier = xcode.lang.json; };
		946350522B9E1D6D006CFA88 /* Collections.json */ = {isa = PBXFileReference; lastKnownFileType = text.json; path = Collections.json; sourceTree = "<group>"; xcLanguageSpecificationIdentifier = xcode.lang.json; };
		9480B7962B7EAA2F00DDB251 /* Virtuoso.app */ = {isa = PBXFileReference; explicitFileType = wrapper.application; includeInIndex = 0; path = Virtuoso.app; sourceTree = BUILT_PRODUCTS_DIR; };
		9480B79A2B7EAA2F00DDB251 /* RealityKitContent */ = {isa = PBXFileReference; lastKnownFileType = wrapper; path = RealityKitContent; sourceTree = "<group>"; };
		9480B79D2B7EAA2F00DDB251 /* VirtuosoApp.swift */ = {isa = PBXFileReference; lastKnownFileType = sourcecode.swift; path = VirtuosoApp.swift; sourceTree = "<group>"; };
		9480B7A32B7EAA3000DDB251 /* Assets.xcassets */ = {isa = PBXFileReference; lastKnownFileType = folder.assetcatalog; path = Assets.xcassets; sourceTree = "<group>"; };
		9480B7A62B7EAA3000DDB251 /* Preview Assets.xcassets */ = {isa = PBXFileReference; lastKnownFileType = folder.assetcatalog; path = "Preview Assets.xcassets"; sourceTree = "<group>"; };
		9480B7A82B7EAA3000DDB251 /* Info.plist */ = {isa = PBXFileReference; lastKnownFileType = text.plist.xml; path = Info.plist; sourceTree = "<group>"; };
		9480B7AD2B7EAA3000DDB251 /* VirtuosoTests.xctest */ = {isa = PBXFileReference; explicitFileType = wrapper.cfbundle; includeInIndex = 0; path = VirtuosoTests.xctest; sourceTree = BUILT_PRODUCTS_DIR; };
		9480B7B12B7EAA3000DDB251 /* VirtuosoTests.swift */ = {isa = PBXFileReference; lastKnownFileType = sourcecode.swift; path = VirtuosoTests.swift; sourceTree = "<group>"; };
		9483F1DC2B88D63800B8E1BA /* PianoManager.swift */ = {isa = PBXFileReference; lastKnownFileType = sourcecode.swift; path = PianoManager.swift; sourceTree = "<group>"; };
		94CD99622B7EE3CC00BF09DE /* PianoRealityView.swift */ = {isa = PBXFileReference; fileEncoding = 4; lastKnownFileType = sourcecode.swift; path = PianoRealityView.swift; sourceTree = "<group>"; };
		94CD99672B7F151300BF09DE /* AppState.swift */ = {isa = PBXFileReference; lastKnownFileType = sourcecode.swift; path = AppState.swift; sourceTree = "<group>"; };
		94D138C92B8BCD45007CEF45 /* HandManager.swift */ = {isa = PBXFileReference; lastKnownFileType = sourcecode.swift; path = HandManager.swift; sourceTree = "<group>"; };
		94D138CB2B8BF2F0007CEF45 /* PlaybackManager.swift */ = {isa = PBXFileReference; lastKnownFileType = sourcecode.swift; path = PlaybackManager.swift; sourceTree = "<group>"; };
		94D138CD2B8BF322007CEF45 /* PlaybackWidget.swift */ = {isa = PBXFileReference; lastKnownFileType = sourcecode.swift; path = PlaybackWidget.swift; sourceTree = "<group>"; };
		94E2E5F32B8CAE980096A41B /* peg.mid */ = {isa = PBXFileReference; lastKnownFileType = audio.midi; path = peg.mid; sourceTree = "<group>"; };
/* End PBXFileReference section */

/* Begin PBXFrameworksBuildPhase section */
		9480B7932B7EAA2F00DDB251 /* Frameworks */ = {
			isa = PBXFrameworksBuildPhase;
			buildActionMask = 2147483647;
			files = (
				9480B79C2B7EAA2F00DDB251 /* RealityKitContent in Frameworks */,
				941CFC2E2B922BCF004414E1 /* MIKMIDI.framework in Frameworks */,
			);
			runOnlyForDeploymentPostprocessing = 0;
		};
		9480B7AA2B7EAA3000DDB251 /* Frameworks */ = {
			isa = PBXFrameworksBuildPhase;
			buildActionMask = 2147483647;
			files = (
			);
			runOnlyForDeploymentPostprocessing = 0;
		};
/* End PBXFrameworksBuildPhase section */

/* Begin PBXGroup section */
		941B22DE2B844480006F114B /* Views */ = {
			isa = PBXGroup;
			children = (
				94CD99622B7EE3CC00BF09DE /* PianoRealityView.swift */,
				941B22DA2B83E69B006F114B /* MainMenu.swift */,
				941B22DB2B83E69B006F114B /* PianoConfigurationMenu.swift */,
				94D138CD2B8BF322007CEF45 /* PlaybackWidget.swift */,
				946350442B9E11A3006CFA88 /* BrowserView.swift */,
			);
			path = Views;
			sourceTree = "<group>";
		};
		941CFC1E2B922955004414E1 /* Products */ = {
			isa = PBXGroup;
			children = (
				941CFC252B922955004414E1 /* MIKMIDI.framework */,
				941CFC272B922955004414E1 /* MIKMIDI.framework */,
				941CFC292B922955004414E1 /* MIKMIDI Tests.xctest */,
			);
			name = Products;
			sourceTree = "<group>";
		};
		941CFC2A2B922A04004414E1 /* Frameworks */ = {
			isa = PBXGroup;
			children = (
			);
			name = Frameworks;
			sourceTree = "<group>";
		};
		946350472B9E1776006CFA88 /* Model */ = {
			isa = PBXGroup;
			children = (
				946350482B9E18EA006CFA88 /* Song.swift */,
				9463504A2B9E1A2F006CFA88 /* Course.swift */,
				9463504E2B9E1ACF006CFA88 /* Courses.json */,
				946350522B9E1D6D006CFA88 /* Collections.json */,
			);
			path = Model;
			sourceTree = "<group>";
		};
		9480B78D2B7EAA2F00DDB251 = {
			isa = PBXGroup;
			children = (
				941CFC1D2B922955004414E1 /* MIKMIDI.xcodeproj */,
				9480B7982B7EAA2F00DDB251 /* Virtuoso */,
				9480B7992B7EAA2F00DDB251 /* Packages */,
				9480B7B02B7EAA3000DDB251 /* VirtuosoTests */,
				9480B7972B7EAA2F00DDB251 /* Products */,
				941CFC2A2B922A04004414E1 /* Frameworks */,
			);
			sourceTree = "<group>";
		};
		9480B7972B7EAA2F00DDB251 /* Products */ = {
			isa = PBXGroup;
			children = (
				9480B7962B7EAA2F00DDB251 /* Virtuoso.app */,
				9480B7AD2B7EAA3000DDB251 /* VirtuosoTests.xctest */,
			);
			name = Products;
			sourceTree = "<group>";
		};
		9480B7982B7EAA2F00DDB251 /* Virtuoso */ = {
			isa = PBXGroup;
			children = (
				94E2E5F32B8CAE980096A41B /* peg.mid */,
				9483F1DB2B88D5CD00B8E1BA /* App */,
				946350472B9E1776006CFA88 /* Model */,
				941B22DE2B844480006F114B /* Views */,
				942D57A02B8397CE007C7327 /* Module.swift */,
				941B22D82B83E26B006F114B /* Globals.swift */,
				9480B79D2B7EAA2F00DDB251 /* VirtuosoApp.swift */,
				941B22DF2B844506006F114B /* Extensions.swift */,
				9480B7A32B7EAA3000DDB251 /* Assets.xcassets */,
				9480B7A82B7EAA3000DDB251 /* Info.plist */,
				9480B7A52B7EAA3000DDB251 /* Preview Content */,
			);
			path = Virtuoso;
			sourceTree = "<group>";
		};
		9480B7992B7EAA2F00DDB251 /* Packages */ = {
			isa = PBXGroup;
			children = (
				9480B79A2B7EAA2F00DDB251 /* RealityKitContent */,
			);
			path = Packages;
			sourceTree = "<group>";
		};
		9480B7A52B7EAA3000DDB251 /* Preview Content */ = {
			isa = PBXGroup;
			children = (
				9480B7A62B7EAA3000DDB251 /* Preview Assets.xcassets */,
			);
			path = "Preview Content";
			sourceTree = "<group>";
		};
		9480B7B02B7EAA3000DDB251 /* VirtuosoTests */ = {
			isa = PBXGroup;
			children = (
				9480B7B12B7EAA3000DDB251 /* VirtuosoTests.swift */,
			);
			path = VirtuosoTests;
			sourceTree = "<group>";
		};
		9483F1DB2B88D5CD00B8E1BA /* App */ = {
			isa = PBXGroup;
			children = (
				94CD99672B7F151300BF09DE /* AppState.swift */,
				9483F1DC2B88D63800B8E1BA /* PianoManager.swift */,
				94D138C92B8BCD45007CEF45 /* HandManager.swift */,
				94D138CB2B8BF2F0007CEF45 /* PlaybackManager.swift */,
			);
			path = App;
			sourceTree = "<group>";
		};
/* End PBXGroup section */

/* Begin PBXNativeTarget section */
		9480B7952B7EAA2F00DDB251 /* Virtuoso */ = {
			isa = PBXNativeTarget;
			buildConfigurationList = 9480B7B52B7EAA3000DDB251 /* Build configuration list for PBXNativeTarget "Virtuoso" */;
			buildPhases = (
				9480B7922B7EAA2F00DDB251 /* Sources */,
				9480B7932B7EAA2F00DDB251 /* Frameworks */,
				9480B7942B7EAA2F00DDB251 /* Resources */,
				941CFC302B922BCF004414E1 /* Embed Frameworks */,
			);
			buildRules = (
			);
			dependencies = (
			);
			name = Virtuoso;
			packageProductDependencies = (
				9480B79B2B7EAA2F00DDB251 /* RealityKitContent */,
			);
			productName = Virtuoso;
			productReference = 9480B7962B7EAA2F00DDB251 /* Virtuoso.app */;
			productType = "com.apple.product-type.application";
		};
		9480B7AC2B7EAA3000DDB251 /* VirtuosoTests */ = {
			isa = PBXNativeTarget;
			buildConfigurationList = 9480B7B82B7EAA3000DDB251 /* Build configuration list for PBXNativeTarget "VirtuosoTests" */;
			buildPhases = (
				9480B7A92B7EAA3000DDB251 /* Sources */,
				9480B7AA2B7EAA3000DDB251 /* Frameworks */,
				9480B7AB2B7EAA3000DDB251 /* Resources */,
			);
			buildRules = (
			);
			dependencies = (
				9480B7AF2B7EAA3000DDB251 /* PBXTargetDependency */,
			);
			name = VirtuosoTests;
			productName = VirtuosoTests;
			productReference = 9480B7AD2B7EAA3000DDB251 /* VirtuosoTests.xctest */;
			productType = "com.apple.product-type.bundle.unit-test";
		};
/* End PBXNativeTarget section */

/* Begin PBXProject section */
		9480B78E2B7EAA2F00DDB251 /* Project object */ = {
			isa = PBXProject;
			attributes = {
				BuildIndependentTargetsInParallel = 1;
				LastSwiftUpdateCheck = 1520;
				LastUpgradeCheck = 1520;
				TargetAttributes = {
					9480B7952B7EAA2F00DDB251 = {
						CreatedOnToolsVersion = 15.2;
					};
					9480B7AC2B7EAA3000DDB251 = {
						CreatedOnToolsVersion = 15.2;
						TestTargetID = 9480B7952B7EAA2F00DDB251;
					};
				};
			};
			buildConfigurationList = 9480B7912B7EAA2F00DDB251 /* Build configuration list for PBXProject "Virtuoso" */;
			compatibilityVersion = "Xcode 14.0";
			developmentRegion = en;
			hasScannedForEncodings = 0;
			knownRegions = (
				en,
				Base,
			);
			mainGroup = 9480B78D2B7EAA2F00DDB251;
			productRefGroup = 9480B7972B7EAA2F00DDB251 /* Products */;
			projectDirPath = "";
			projectReferences = (
				{
					ProductGroup = 941CFC1E2B922955004414E1 /* Products */;
					ProjectRef = 941CFC1D2B922955004414E1 /* MIKMIDI.xcodeproj */;
				},
			);
			projectRoot = "";
			targets = (
				9480B7952B7EAA2F00DDB251 /* Virtuoso */,
				9480B7AC2B7EAA3000DDB251 /* VirtuosoTests */,
			);
		};
/* End PBXProject section */

/* Begin PBXReferenceProxy section */
		941CFC252B922955004414E1 /* MIKMIDI.framework */ = {
			isa = PBXReferenceProxy;
			fileType = wrapper.framework;
			path = MIKMIDI.framework;
			remoteRef = 941CFC242B922955004414E1 /* PBXContainerItemProxy */;
			sourceTree = BUILT_PRODUCTS_DIR;
		};
		941CFC272B922955004414E1 /* MIKMIDI.framework */ = {
			isa = PBXReferenceProxy;
			fileType = wrapper.framework;
			path = MIKMIDI.framework;
			remoteRef = 941CFC262B922955004414E1 /* PBXContainerItemProxy */;
			sourceTree = BUILT_PRODUCTS_DIR;
		};
		941CFC292B922955004414E1 /* MIKMIDI Tests.xctest */ = {
			isa = PBXReferenceProxy;
			fileType = wrapper.cfbundle;
			path = "MIKMIDI Tests.xctest";
			remoteRef = 941CFC282B922955004414E1 /* PBXContainerItemProxy */;
			sourceTree = BUILT_PRODUCTS_DIR;
		};
/* End PBXReferenceProxy section */

/* Begin PBXResourcesBuildPhase section */
		9480B7942B7EAA2F00DDB251 /* Resources */ = {
			isa = PBXResourcesBuildPhase;
			buildActionMask = 2147483647;
			files = (
				9463504F2B9E1ACF006CFA88 /* Courses.json in Resources */,
				94E2E5F42B8CAE980096A41B /* peg.mid in Resources */,
				9480B7A72B7EAA3000DDB251 /* Preview Assets.xcassets in Resources */,
				9480B7A42B7EAA3000DDB251 /* Assets.xcassets in Resources */,
				946350532B9E1D6D006CFA88 /* Collections.json in Resources */,
			);
			runOnlyForDeploymentPostprocessing = 0;
		};
		9480B7AB2B7EAA3000DDB251 /* Resources */ = {
			isa = PBXResourcesBuildPhase;
			buildActionMask = 2147483647;
			files = (
			);
			runOnlyForDeploymentPostprocessing = 0;
		};
/* End PBXResourcesBuildPhase section */

/* Begin PBXSourcesBuildPhase section */
		9480B7922B7EAA2F00DDB251 /* Sources */ = {
			isa = PBXSourcesBuildPhase;
			buildActionMask = 2147483647;
			files = (
				946350492B9E18EA006CFA88 /* Song.swift in Sources */,
				94D138CC2B8BF2F0007CEF45 /* PlaybackManager.swift in Sources */,
				9480B79E2B7EAA2F00DDB251 /* VirtuosoApp.swift in Sources */,
				9483F1DD2B88D63800B8E1BA /* PianoManager.swift in Sources */,
				94D138CA2B8BCD45007CEF45 /* HandManager.swift in Sources */,
				941B22DD2B83E69B006F114B /* PianoConfigurationMenu.swift in Sources */,
				941B22DC2B83E69B006F114B /* MainMenu.swift in Sources */,
				941B22E02B844506006F114B /* Extensions.swift in Sources */,
				941B22D92B83E26B006F114B /* Globals.swift in Sources */,
				946350452B9E11A3006CFA88 /* BrowserView.swift in Sources */,
				94CD99632B7EE3CC00BF09DE /* PianoRealityView.swift in Sources */,
				942D57A12B8397CE007C7327 /* Module.swift in Sources */,
				9463504B2B9E1A2F006CFA88 /* Course.swift in Sources */,
				94D138CE2B8BF322007CEF45 /* PlaybackWidget.swift in Sources */,
				94CD99682B7F151300BF09DE /* AppState.swift in Sources */,
			);
			runOnlyForDeploymentPostprocessing = 0;
		};
		9480B7A92B7EAA3000DDB251 /* Sources */ = {
			isa = PBXSourcesBuildPhase;
			buildActionMask = 2147483647;
			files = (
				9480B7B22B7EAA3000DDB251 /* VirtuosoTests.swift in Sources */,
			);
			runOnlyForDeploymentPostprocessing = 0;
		};
/* End PBXSourcesBuildPhase section */

/* Begin PBXTargetDependency section */
		9480B7AF2B7EAA3000DDB251 /* PBXTargetDependency */ = {
			isa = PBXTargetDependency;
			target = 9480B7952B7EAA2F00DDB251 /* Virtuoso */;
			targetProxy = 9480B7AE2B7EAA3000DDB251 /* PBXContainerItemProxy */;
		};
/* End PBXTargetDependency section */

/* Begin XCBuildConfiguration section */
		9480B7B32B7EAA3000DDB251 /* Debug */ = {
			isa = XCBuildConfiguration;
			buildSettings = {
				ALWAYS_SEARCH_USER_PATHS = NO;
				ASSETCATALOG_COMPILER_GENERATE_SWIFT_ASSET_SYMBOL_EXTENSIONS = YES;
				CLANG_ANALYZER_NONNULL = YES;
				CLANG_ANALYZER_NUMBER_OBJECT_CONVERSION = YES_AGGRESSIVE;
				CLANG_CXX_LANGUAGE_STANDARD = "gnu++20";
				CLANG_ENABLE_MODULES = YES;
				CLANG_ENABLE_OBJC_ARC = YES;
				CLANG_ENABLE_OBJC_WEAK = YES;
				CLANG_WARN_BLOCK_CAPTURE_AUTORELEASING = YES;
				CLANG_WARN_BOOL_CONVERSION = YES;
				CLANG_WARN_COMMA = YES;
				CLANG_WARN_CONSTANT_CONVERSION = YES;
				CLANG_WARN_DEPRECATED_OBJC_IMPLEMENTATIONS = YES;
				CLANG_WARN_DIRECT_OBJC_ISA_USAGE = YES_ERROR;
				CLANG_WARN_DOCUMENTATION_COMMENTS = YES;
				CLANG_WARN_EMPTY_BODY = YES;
				CLANG_WARN_ENUM_CONVERSION = YES;
				CLANG_WARN_INFINITE_RECURSION = YES;
				CLANG_WARN_INT_CONVERSION = YES;
				CLANG_WARN_NON_LITERAL_NULL_CONVERSION = YES;
				CLANG_WARN_OBJC_IMPLICIT_RETAIN_SELF = YES;
				CLANG_WARN_OBJC_LITERAL_CONVERSION = YES;
				CLANG_WARN_OBJC_ROOT_CLASS = YES_ERROR;
				CLANG_WARN_QUOTED_INCLUDE_IN_FRAMEWORK_HEADER = YES;
				CLANG_WARN_RANGE_LOOP_ANALYSIS = YES;
				CLANG_WARN_STRICT_PROTOTYPES = YES;
				CLANG_WARN_SUSPICIOUS_MOVE = YES;
				CLANG_WARN_UNGUARDED_AVAILABILITY = YES_AGGRESSIVE;
				CLANG_WARN_UNREACHABLE_CODE = YES;
				CLANG_WARN__DUPLICATE_METHOD_MATCH = YES;
				COPY_PHASE_STRIP = NO;
				DEBUG_INFORMATION_FORMAT = dwarf;
				ENABLE_STRICT_OBJC_MSGSEND = YES;
				ENABLE_TESTABILITY = YES;
				ENABLE_USER_SCRIPT_SANDBOXING = YES;
				GCC_C_LANGUAGE_STANDARD = gnu17;
				GCC_DYNAMIC_NO_PIC = NO;
				GCC_NO_COMMON_BLOCKS = YES;
				GCC_OPTIMIZATION_LEVEL = 0;
				GCC_PREPROCESSOR_DEFINITIONS = (
					"DEBUG=1",
					"$(inherited)",
				);
				GCC_WARN_64_TO_32_BIT_CONVERSION = YES;
				GCC_WARN_ABOUT_RETURN_TYPE = YES_ERROR;
				GCC_WARN_UNDECLARED_SELECTOR = YES;
				GCC_WARN_UNINITIALIZED_AUTOS = YES_AGGRESSIVE;
				GCC_WARN_UNUSED_FUNCTION = YES;
				GCC_WARN_UNUSED_VARIABLE = YES;
				LOCALIZATION_PREFERS_STRING_CATALOGS = YES;
				MTL_ENABLE_DEBUG_INFO = INCLUDE_SOURCE;
				MTL_FAST_MATH = YES;
				ONLY_ACTIVE_ARCH = YES;
				SDKROOT = xros;
				SWIFT_ACTIVE_COMPILATION_CONDITIONS = "DEBUG $(inherited)";
				SWIFT_OPTIMIZATION_LEVEL = "-Onone";
				XROS_DEPLOYMENT_TARGET = 1.0;
			};
			name = Debug;
		};
		9480B7B42B7EAA3000DDB251 /* Release */ = {
			isa = XCBuildConfiguration;
			buildSettings = {
				ALWAYS_SEARCH_USER_PATHS = NO;
				ASSETCATALOG_COMPILER_GENERATE_SWIFT_ASSET_SYMBOL_EXTENSIONS = YES;
				CLANG_ANALYZER_NONNULL = YES;
				CLANG_ANALYZER_NUMBER_OBJECT_CONVERSION = YES_AGGRESSIVE;
				CLANG_CXX_LANGUAGE_STANDARD = "gnu++20";
				CLANG_ENABLE_MODULES = YES;
				CLANG_ENABLE_OBJC_ARC = YES;
				CLANG_ENABLE_OBJC_WEAK = YES;
				CLANG_WARN_BLOCK_CAPTURE_AUTORELEASING = YES;
				CLANG_WARN_BOOL_CONVERSION = YES;
				CLANG_WARN_COMMA = YES;
				CLANG_WARN_CONSTANT_CONVERSION = YES;
				CLANG_WARN_DEPRECATED_OBJC_IMPLEMENTATIONS = YES;
				CLANG_WARN_DIRECT_OBJC_ISA_USAGE = YES_ERROR;
				CLANG_WARN_DOCUMENTATION_COMMENTS = YES;
				CLANG_WARN_EMPTY_BODY = YES;
				CLANG_WARN_ENUM_CONVERSION = YES;
				CLANG_WARN_INFINITE_RECURSION = YES;
				CLANG_WARN_INT_CONVERSION = YES;
				CLANG_WARN_NON_LITERAL_NULL_CONVERSION = YES;
				CLANG_WARN_OBJC_IMPLICIT_RETAIN_SELF = YES;
				CLANG_WARN_OBJC_LITERAL_CONVERSION = YES;
				CLANG_WARN_OBJC_ROOT_CLASS = YES_ERROR;
				CLANG_WARN_QUOTED_INCLUDE_IN_FRAMEWORK_HEADER = YES;
				CLANG_WARN_RANGE_LOOP_ANALYSIS = YES;
				CLANG_WARN_STRICT_PROTOTYPES = YES;
				CLANG_WARN_SUSPICIOUS_MOVE = YES;
				CLANG_WARN_UNGUARDED_AVAILABILITY = YES_AGGRESSIVE;
				CLANG_WARN_UNREACHABLE_CODE = YES;
				CLANG_WARN__DUPLICATE_METHOD_MATCH = YES;
				COPY_PHASE_STRIP = NO;
				DEBUG_INFORMATION_FORMAT = "dwarf-with-dsym";
				ENABLE_NS_ASSERTIONS = NO;
				ENABLE_STRICT_OBJC_MSGSEND = YES;
				ENABLE_USER_SCRIPT_SANDBOXING = YES;
				GCC_C_LANGUAGE_STANDARD = gnu17;
				GCC_NO_COMMON_BLOCKS = YES;
				GCC_WARN_64_TO_32_BIT_CONVERSION = YES;
				GCC_WARN_ABOUT_RETURN_TYPE = YES_ERROR;
				GCC_WARN_UNDECLARED_SELECTOR = YES;
				GCC_WARN_UNINITIALIZED_AUTOS = YES_AGGRESSIVE;
				GCC_WARN_UNUSED_FUNCTION = YES;
				GCC_WARN_UNUSED_VARIABLE = YES;
				LOCALIZATION_PREFERS_STRING_CATALOGS = YES;
				MTL_ENABLE_DEBUG_INFO = NO;
				MTL_FAST_MATH = YES;
				SDKROOT = xros;
				SWIFT_COMPILATION_MODE = wholemodule;
				VALIDATE_PRODUCT = YES;
				XROS_DEPLOYMENT_TARGET = 1.0;
			};
			name = Release;
		};
		9480B7B62B7EAA3000DDB251 /* Debug */ = {
			isa = XCBuildConfiguration;
			buildSettings = {
				ASSETCATALOG_COMPILER_APPICON_NAME = AppIcon;
				ASSETCATALOG_COMPILER_GLOBAL_ACCENT_COLOR_NAME = AccentColor;
				CODE_SIGN_STYLE = Automatic;
				CURRENT_PROJECT_VERSION = 1;
				DEVELOPMENT_ASSET_PATHS = "\"Virtuoso/Preview Content\"";
				DEVELOPMENT_TEAM = L85GNPB23S;
				ENABLE_PREVIEWS = YES;
				GENERATE_INFOPLIST_FILE = YES;
				INFOPLIST_FILE = "$(TARGET_NAME)/Info.plist";
				LD_RUNPATH_SEARCH_PATHS = (
					"$(inherited)",
					"@executable_path/Frameworks",
				);
				MARKETING_VERSION = 1.0;
				PRODUCT_BUNDLE_IDENTIFIER = com.ryangavin.Virtuoso;
				PRODUCT_NAME = "$(TARGET_NAME)";
				SUPPORTED_PLATFORMS = "xros xrsimulator";
				SWIFT_EMIT_LOC_STRINGS = YES;
				SWIFT_VERSION = 5.0;
				TARGETED_DEVICE_FAMILY = 7;
			};
			name = Debug;
		};
		9480B7B72B7EAA3000DDB251 /* Release */ = {
			isa = XCBuildConfiguration;
			buildSettings = {
				ASSETCATALOG_COMPILER_APPICON_NAME = AppIcon;
				ASSETCATALOG_COMPILER_GLOBAL_ACCENT_COLOR_NAME = AccentColor;
				CODE_SIGN_STYLE = Automatic;
				CURRENT_PROJECT_VERSION = 1;
				DEVELOPMENT_ASSET_PATHS = "\"Virtuoso/Preview Content\"";
				DEVELOPMENT_TEAM = L85GNPB23S;
				ENABLE_PREVIEWS = YES;
				GENERATE_INFOPLIST_FILE = YES;
				INFOPLIST_FILE = "$(TARGET_NAME)/Info.plist";
				LD_RUNPATH_SEARCH_PATHS = (
					"$(inherited)",
					"@executable_path/Frameworks",
				);
				MARKETING_VERSION = 1.0;
				PRODUCT_BUNDLE_IDENTIFIER = com.ryangavin.Virtuoso;
				PRODUCT_NAME = "$(TARGET_NAME)";
				SUPPORTED_PLATFORMS = "xros xrsimulator";
				SWIFT_EMIT_LOC_STRINGS = YES;
				SWIFT_VERSION = 5.0;
				TARGETED_DEVICE_FAMILY = 7;
			};
			name = Release;
		};
		9480B7B92B7EAA3000DDB251 /* Debug */ = {
			isa = XCBuildConfiguration;
			buildSettings = {
				ALWAYS_EMBED_SWIFT_STANDARD_LIBRARIES = YES;
				BUNDLE_LOADER = "$(TEST_HOST)";
				CODE_SIGN_STYLE = Automatic;
				CURRENT_PROJECT_VERSION = 1;
				DEVELOPMENT_TEAM = L85GNPB23S;
				GENERATE_INFOPLIST_FILE = YES;
				MARKETING_VERSION = 1.0;
				PRODUCT_BUNDLE_IDENTIFIER = com.ryangavin.VirtuosoTests;
				PRODUCT_NAME = "$(TARGET_NAME)";
				SUPPORTED_PLATFORMS = "xros xrsimulator";
				SWIFT_EMIT_LOC_STRINGS = NO;
				SWIFT_VERSION = 5.0;
				TARGETED_DEVICE_FAMILY = "1,2,7";
				TEST_HOST = "$(BUILT_PRODUCTS_DIR)/Virtuoso.app/$(BUNDLE_EXECUTABLE_FOLDER_PATH)/Virtuoso";
				XROS_DEPLOYMENT_TARGET = 1.0;
			};
			name = Debug;
		};
		9480B7BA2B7EAA3000DDB251 /* Release */ = {
			isa = XCBuildConfiguration;
			buildSettings = {
				ALWAYS_EMBED_SWIFT_STANDARD_LIBRARIES = YES;
				BUNDLE_LOADER = "$(TEST_HOST)";
				CODE_SIGN_STYLE = Automatic;
				CURRENT_PROJECT_VERSION = 1;
				DEVELOPMENT_TEAM = L85GNPB23S;
				GENERATE_INFOPLIST_FILE = YES;
				MARKETING_VERSION = 1.0;
				PRODUCT_BUNDLE_IDENTIFIER = com.ryangavin.VirtuosoTests;
				PRODUCT_NAME = "$(TARGET_NAME)";
				SUPPORTED_PLATFORMS = "xros xrsimulator";
				SWIFT_EMIT_LOC_STRINGS = NO;
				SWIFT_VERSION = 5.0;
				TARGETED_DEVICE_FAMILY = "1,2,7";
				TEST_HOST = "$(BUILT_PRODUCTS_DIR)/Virtuoso.app/$(BUNDLE_EXECUTABLE_FOLDER_PATH)/Virtuoso";
				XROS_DEPLOYMENT_TARGET = 1.0;
			};
			name = Release;
		};
/* End XCBuildConfiguration section */

/* Begin XCConfigurationList section */
		9480B7912B7EAA2F00DDB251 /* Build configuration list for PBXProject "Virtuoso" */ = {
			isa = XCConfigurationList;
			buildConfigurations = (
				9480B7B32B7EAA3000DDB251 /* Debug */,
				9480B7B42B7EAA3000DDB251 /* Release */,
			);
			defaultConfigurationIsVisible = 0;
			defaultConfigurationName = Release;
		};
		9480B7B52B7EAA3000DDB251 /* Build configuration list for PBXNativeTarget "Virtuoso" */ = {
			isa = XCConfigurationList;
			buildConfigurations = (
				9480B7B62B7EAA3000DDB251 /* Debug */,
				9480B7B72B7EAA3000DDB251 /* Release */,
			);
			defaultConfigurationIsVisible = 0;
			defaultConfigurationName = Release;
		};
		9480B7B82B7EAA3000DDB251 /* Build configuration list for PBXNativeTarget "VirtuosoTests" */ = {
			isa = XCConfigurationList;
			buildConfigurations = (
				9480B7B92B7EAA3000DDB251 /* Debug */,
				9480B7BA2B7EAA3000DDB251 /* Release */,
			);
			defaultConfigurationIsVisible = 0;
			defaultConfigurationName = Release;
		};
/* End XCConfigurationList section */

/* Begin XCSwiftPackageProductDependency section */
		9480B79B2B7EAA2F00DDB251 /* RealityKitContent */ = {
			isa = XCSwiftPackageProductDependency;
			productName = RealityKitContent;
		};
/* End XCSwiftPackageProductDependency section */
	};
	rootObject = 9480B78E2B7EAA2F00DDB251 /* Project object */;
}
