{
  "pins" : [
    {
      "identity" : "observableuserdefault",
      "kind" : "remoteSourceControl",
      "location" : "https://github.com/davidsteppenbeck/ObservableUserDefault.git",
      "state" : {
        "revision" : "eab5caf5d82cf60c18a839f47b429de47078b2a8",
        "version" : "1.2.0"
      }
    },
    {
      "identity" : "swift-syntax",
      "kind" : "remoteSourceControl",
      "location" : "https://github.com/apple/swift-syntax.git",
      "state" : {
        "revision" : "64889f0c732f210a935a0ad7cda38f77f876262d",
        "version" : "509.1.1"
      }
    }
  ],
  "version" : 2
}
